// !$*UTF8*$!
{
	archiveVersion = 1;
	classes = {
	};
	objectVersion = 46;
	objects = {

/* Begin PBXBuildFile section */
		4C0D504C1D2107E5006CA2DA /* ViewController.m in Sources */ = {isa = PBXBuildFile; fileRef = 4C0D50411D2107E5006CA2DA /* ViewController.m */; };
		4C0D504D1D2107E5006CA2DA /* WZCustomLeftSliderController.m in Sources */ = {isa = PBXBuildFile; fileRef = 4C0D50431D2107E5006CA2DA /* WZCustomLeftSliderController.m */; };
		4C0D504E1D2107E5006CA2DA /* WZCustomLeftSliderController.xib in Resources */ = {isa = PBXBuildFile; fileRef = 4C0D50441D2107E5006CA2DA /* WZCustomLeftSliderController.xib */; };
		4C0D504F1D2107E5006CA2DA /* AppDelegate.m in Sources */ = {isa = PBXBuildFile; fileRef = 4C0D50471D2107E5006CA2DA /* AppDelegate.m */; };
		4C0D50501D2107E5006CA2DA /* WZCustomLeftSliderCell.m in Sources */ = {isa = PBXBuildFile; fileRef = 4C0D504A1D2107E5006CA2DA /* WZCustomLeftSliderCell.m */; };
		4C0D50511D2107E5006CA2DA /* WZCustomLeftSliderCell.xib in Resources */ = {isa = PBXBuildFile; fileRef = 4C0D504B1D2107E5006CA2DA /* WZCustomLeftSliderCell.xib */; };
		4C0D50541D210827006CA2DA /* WZTextViewController.m in Sources */ = {isa = PBXBuildFile; fileRef = 4C0D50531D210827006CA2DA /* WZTextViewController.m */; };
		4C0D50571D210848006CA2DA /* WZTextView.m in Sources */ = {isa = PBXBuildFile; fileRef = 4C0D50561D210848006CA2DA /* WZTextView.m */; };
		4C0D50591D2108BD006CA2DA /* WZTextViewController.xib in Resources */ = {isa = PBXBuildFile; fileRef = 4C0D50581D2108BD006CA2DA /* WZTextViewController.xib */; };
		4C0D505D1D2118BB006CA2DA /* WZEditorViewController.m in Sources */ = {isa = PBXBuildFile; fileRef = 4C0D505B1D2118BB006CA2DA /* WZEditorViewController.m */; };
		4C0D505E1D2118BB006CA2DA /* WZEditorViewController.xib in Resources */ = {isa = PBXBuildFile; fileRef = 4C0D505C1D2118BB006CA2DA /* WZEditorViewController.xib */; };
		4C0D50621D21191C006CA2DA /* WZTextViewCell.m in Sources */ = {isa = PBXBuildFile; fileRef = 4C0D50601D21191C006CA2DA /* WZTextViewCell.m */; };
		4C0D50631D21191C006CA2DA /* WZTextViewCell.xib in Resources */ = {isa = PBXBuildFile; fileRef = 4C0D50611D21191C006CA2DA /* WZTextViewCell.xib */; };
		4C1D70D41D23A3FF000EB430 /* WZVideoController.m in Sources */ = {isa = PBXBuildFile; fileRef = 4C1D70D21D23A3FF000EB430 /* WZVideoController.m */; };
		4C1D70D51D23A3FF000EB430 /* WZVideoController.xib in Resources */ = {isa = PBXBuildFile; fileRef = 4C1D70D31D23A3FF000EB430 /* WZVideoController.xib */; };
		4C247CEF1D260945001ADB28 /* WZKeFuViewController.m in Sources */ = {isa = PBXBuildFile; fileRef = 4C247CED1D260945001ADB28 /* WZKeFuViewController.m */; };
		4C247CF01D260945001ADB28 /* WZKeFuViewController.xib in Resources */ = {isa = PBXBuildFile; fileRef = 4C247CEE1D260945001ADB28 /* WZKeFuViewController.xib */; };
		4C32D61A1D220E7E0034D459 /* WZZBarViewController.m in Sources */ = {isa = PBXBuildFile; fileRef = 4C32D6181D220E7E0034D459 /* WZZBarViewController.m */; };
		4C32D61B1D220E7E0034D459 /* WZZBarViewController.xib in Resources */ = {isa = PBXBuildFile; fileRef = 4C32D6191D220E7E0034D459 /* WZZBarViewController.xib */; };
		4C32D61D1D220EE20034D459 /* CoreImage.framework in Frameworks */ = {isa = PBXBuildFile; fileRef = 4C32D61C1D220EE20034D459 /* CoreImage.framework */; };
		4C32D6211D2217300034D459 /* WZZbarScanController.m in Sources */ = {isa = PBXBuildFile; fileRef = 4C32D61F1D2217300034D459 /* WZZbarScanController.m */; };
		4C32D6221D2217300034D459 /* WZZbarScanController.xib in Resources */ = {isa = PBXBuildFile; fileRef = 4C32D6201D2217300034D459 /* WZZbarScanController.xib */; };
		4C32D6241D2228990034D459 /* xiangkuang.png in Resources */ = {isa = PBXBuildFile; fileRef = 4C32D6231D2228990034D459 /* xiangkuang.png */; };
		4C32D6281D2267870034D459 /* WZVoiceViewController.m in Sources */ = {isa = PBXBuildFile; fileRef = 4C32D6261D2267870034D459 /* WZVoiceViewController.m */; };
		4C32D6291D2267870034D459 /* WZVoiceViewController.xib in Resources */ = {isa = PBXBuildFile; fileRef = 4C32D6271D2267870034D459 /* WZVoiceViewController.xib */; };
		4C334C831D20BBF500E67A36 /* main.m in Sources */ = {isa = PBXBuildFile; fileRef = 4C334C821D20BBF500E67A36 /* main.m */; };
		4C334C8C1D20BBF500E67A36 /* Main.storyboard in Resources */ = {isa = PBXBuildFile; fileRef = 4C334C8A1D20BBF500E67A36 /* Main.storyboard */; };
		4C334C8E1D20BBF500E67A36 /* Assets.xcassets in Resources */ = {isa = PBXBuildFile; fileRef = 4C334C8D1D20BBF500E67A36 /* Assets.xcassets */; };
		4C334C911D20BBF500E67A36 /* LaunchScreen.storyboard in Resources */ = {isa = PBXBuildFile; fileRef = 4C334C8F1D20BBF500E67A36 /* LaunchScreen.storyboard */; };
		4C334C991D20BC3F00E67A36 /* AVFoundation.framework in Frameworks */ = {isa = PBXBuildFile; fileRef = 4C334C981D20BC3F00E67A36 /* AVFoundation.framework */; };
		4C3B076B1D24C2A9001BB2DE /* amrFileCodec.m in Sources */ = {isa = PBXBuildFile; fileRef = 4C3B075E1D24C2A9001BB2DE /* amrFileCodec.m */; };
		4C3B076C1D24C2A9001BB2DE /* libopencore-amrnb.a in Frameworks */ = {isa = PBXBuildFile; fileRef = 4C3B07671D24C2A9001BB2DE /* libopencore-amrnb.a */; };
		4C3B076D1D24C2A9001BB2DE /* libopencore-amrwb.a in Frameworks */ = {isa = PBXBuildFile; fileRef = 4C3B07681D24C2A9001BB2DE /* libopencore-amrwb.a */; };
		4C3B076E1D24C2A9001BB2DE /* RecordVoice.m in Sources */ = {isa = PBXBuildFile; fileRef = 4C3B076A1D24C2A9001BB2DE /* RecordVoice.m */; };
		4C3B07711D24C484001BB2DE /* RecordManager.m in Sources */ = {isa = PBXBuildFile; fileRef = 4C3B07701D24C484001BB2DE /* RecordManager.m */; };
		4C3B07751D24C7C9001BB2DE /* WZVoice2ViewController.m in Sources */ = {isa = PBXBuildFile; fileRef = 4C3B07731D24C7C9001BB2DE /* WZVoice2ViewController.m */; };
		4C3B07761D24C7C9001BB2DE /* WZVoice2ViewController.xib in Resources */ = {isa = PBXBuildFile; fileRef = 4C3B07741D24C7C9001BB2DE /* WZVoice2ViewController.xib */; };
		4CE936241D29FC8800FFE160 /* WZCityLocationController.m in Sources */ = {isa = PBXBuildFile; fileRef = 4CE936221D29FC8800FFE160 /* WZCityLocationController.m */; };
		4CE936251D29FC8800FFE160 /* WZCityLocationController.xib in Resources */ = {isa = PBXBuildFile; fileRef = 4CE936231D29FC8800FFE160 /* WZCityLocationController.xib */; };
		4CE936271D2A2FF300FFE160 /* cityGroups.plist in Resources */ = {isa = PBXBuildFile; fileRef = 4CE936261D2A2FF300FFE160 /* cityGroups.plist */; };
		4CF0CEB51D25022A00100DE5 /* 薛之谦-丑八怪.mp3 in Resources */ = {isa = PBXBuildFile; fileRef = 4CF0CEB41D25022A00100DE5 /* 薛之谦-丑八怪.mp3 */; };
		4CF0CEBB1D250CEB00100DE5 /* AppKeFuResources.bundle in Resources */ = {isa = PBXBuildFile; fileRef = 4CF0CEB81D250CEB00100DE5 /* AppKeFuResources.bundle */; };
		4CF0CEBC1D250CEB00100DE5 /* libAppKeFuLib.a in Frameworks */ = {isa = PBXBuildFile; fileRef = 4CF0CEB91D250CEB00100DE5 /* libAppKeFuLib.a */; };
		4CF0CEBD1D250CEB00100DE5 /* README.md in Sources */ = {isa = PBXBuildFile; fileRef = 4CF0CEBA1D250CEB00100DE5 /* README.md */; };
		4CF0CEBF1D250D1E00100DE5 /* libxml2.tbd in Frameworks */ = {isa = PBXBuildFile; fileRef = 4CF0CEBE1D250D1E00100DE5 /* libxml2.tbd */; };
		4CF0CEC11D250D2A00100DE5 /* libresolv.tbd in Frameworks */ = {isa = PBXBuildFile; fileRef = 4CF0CEC01D250D2A00100DE5 /* libresolv.tbd */; };
		4CF0CEC31D250D3700100DE5 /* SystemConfiguration.framework in Frameworks */ = {isa = PBXBuildFile; fileRef = 4CF0CEC21D250D3700100DE5 /* SystemConfiguration.framework */; };
		4CF0CEC51D250D4500100DE5 /* CoreLocation.framework in Frameworks */ = {isa = PBXBuildFile; fileRef = 4CF0CEC41D250D4500100DE5 /* CoreLocation.framework */; };
		4CF0CEC71D250D4E00100DE5 /* CoreData.framework in Frameworks */ = {isa = PBXBuildFile; fileRef = 4CF0CEC61D250D4E00100DE5 /* CoreData.framework */; };
		4CF0CEC91D250D5B00100DE5 /* AudioToolbox.framework in Frameworks */ = {isa = PBXBuildFile; fileRef = 4CF0CEC81D250D5B00100DE5 /* AudioToolbox.framework */; };
		4CF0CECB1D250D6700100DE5 /* libiconv.tbd in Frameworks */ = {isa = PBXBuildFile; fileRef = 4CF0CECA1D250D6700100DE5 /* libiconv.tbd */; };
/* End PBXBuildFile section */

/* Begin PBXFileReference section */
		4C0D50401D2107E5006CA2DA /* ViewController.h */ = {isa = PBXFileReference; fileEncoding = 4; lastKnownFileType = sourcecode.c.h; path = ViewController.h; sourceTree = "<group>"; };
		4C0D50411D2107E5006CA2DA /* ViewController.m */ = {isa = PBXFileReference; fileEncoding = 4; lastKnownFileType = sourcecode.c.objc; path = ViewController.m; sourceTree = "<group>"; };
		4C0D50421D2107E5006CA2DA /* WZCustomLeftSliderController.h */ = {isa = PBXFileReference; fileEncoding = 4; lastKnownFileType = sourcecode.c.h; path = WZCustomLeftSliderController.h; sourceTree = "<group>"; };
		4C0D50431D2107E5006CA2DA /* WZCustomLeftSliderController.m */ = {isa = PBXFileReference; fileEncoding = 4; lastKnownFileType = sourcecode.c.objc; path = WZCustomLeftSliderController.m; sourceTree = "<group>"; };
		4C0D50441D2107E5006CA2DA /* WZCustomLeftSliderController.xib */ = {isa = PBXFileReference; fileEncoding = 4; lastKnownFileType = file.xib; path = WZCustomLeftSliderController.xib; sourceTree = "<group>"; };
		4C0D50461D2107E5006CA2DA /* AppDelegate.h */ = {isa = PBXFileReference; fileEncoding = 4; lastKnownFileType = sourcecode.c.h; path = AppDelegate.h; sourceTree = "<group>"; };
		4C0D50471D2107E5006CA2DA /* AppDelegate.m */ = {isa = PBXFileReference; fileEncoding = 4; lastKnownFileType = sourcecode.c.objc; path = AppDelegate.m; sourceTree = "<group>"; };
		4C0D50491D2107E5006CA2DA /* WZCustomLeftSliderCell.h */ = {isa = PBXFileReference; fileEncoding = 4; lastKnownFileType = sourcecode.c.h; path = WZCustomLeftSliderCell.h; sourceTree = "<group>"; };
		4C0D504A1D2107E5006CA2DA /* WZCustomLeftSliderCell.m */ = {isa = PBXFileReference; fileEncoding = 4; lastKnownFileType = sourcecode.c.objc; path = WZCustomLeftSliderCell.m; sourceTree = "<group>"; };
		4C0D504B1D2107E5006CA2DA /* WZCustomLeftSliderCell.xib */ = {isa = PBXFileReference; fileEncoding = 4; lastKnownFileType = file.xib; path = WZCustomLeftSliderCell.xib; sourceTree = "<group>"; };
		4C0D50521D210827006CA2DA /* WZTextViewController.h */ = {isa = PBXFileReference; fileEncoding = 4; lastKnownFileType = sourcecode.c.h; path = WZTextViewController.h; sourceTree = "<group>"; };
		4C0D50531D210827006CA2DA /* WZTextViewController.m */ = {isa = PBXFileReference; fileEncoding = 4; lastKnownFileType = sourcecode.c.objc; path = WZTextViewController.m; sourceTree = "<group>"; };
		4C0D50551D210848006CA2DA /* WZTextView.h */ = {isa = PBXFileReference; fileEncoding = 4; lastKnownFileType = sourcecode.c.h; path = WZTextView.h; sourceTree = "<group>"; };
		4C0D50561D210848006CA2DA /* WZTextView.m */ = {isa = PBXFileReference; fileEncoding = 4; lastKnownFileType = sourcecode.c.objc; path = WZTextView.m; sourceTree = "<group>"; };
		4C0D50581D2108BD006CA2DA /* WZTextViewController.xib */ = {isa = PBXFileReference; fileEncoding = 4; lastKnownFileType = file.xib; path = WZTextViewController.xib; sourceTree = "<group>"; };
		4C0D505A1D2118BB006CA2DA /* WZEditorViewController.h */ = {isa = PBXFileReference; fileEncoding = 4; lastKnownFileType = sourcecode.c.h; path = WZEditorViewController.h; sourceTree = "<group>"; };
		4C0D505B1D2118BB006CA2DA /* WZEditorViewController.m */ = {isa = PBXFileReference; fileEncoding = 4; lastKnownFileType = sourcecode.c.objc; path = WZEditorViewController.m; sourceTree = "<group>"; };
		4C0D505C1D2118BB006CA2DA /* WZEditorViewController.xib */ = {isa = PBXFileReference; fileEncoding = 4; lastKnownFileType = file.xib; path = WZEditorViewController.xib; sourceTree = "<group>"; };
		4C0D505F1D21191C006CA2DA /* WZTextViewCell.h */ = {isa = PBXFileReference; fileEncoding = 4; lastKnownFileType = sourcecode.c.h; path = WZTextViewCell.h; sourceTree = "<group>"; };
		4C0D50601D21191C006CA2DA /* WZTextViewCell.m */ = {isa = PBXFileReference; fileEncoding = 4; lastKnownFileType = sourcecode.c.objc; path = WZTextViewCell.m; sourceTree = "<group>"; };
		4C0D50611D21191C006CA2DA /* WZTextViewCell.xib */ = {isa = PBXFileReference; fileEncoding = 4; lastKnownFileType = file.xib; path = WZTextViewCell.xib; sourceTree = "<group>"; };
		4C1D70D11D23A3FF000EB430 /* WZVideoController.h */ = {isa = PBXFileReference; fileEncoding = 4; lastKnownFileType = sourcecode.c.h; path = WZVideoController.h; sourceTree = "<group>"; };
		4C1D70D21D23A3FF000EB430 /* WZVideoController.m */ = {isa = PBXFileReference; fileEncoding = 4; lastKnownFileType = sourcecode.c.objc; path = WZVideoController.m; sourceTree = "<group>"; };
		4C1D70D31D23A3FF000EB430 /* WZVideoController.xib */ = {isa = PBXFileReference; fileEncoding = 4; lastKnownFileType = file.xib; path = WZVideoController.xib; sourceTree = "<group>"; };
		4C247CEC1D260945001ADB28 /* WZKeFuViewController.h */ = {isa = PBXFileReference; fileEncoding = 4; lastKnownFileType = sourcecode.c.h; path = WZKeFuViewController.h; sourceTree = "<group>"; };
		4C247CED1D260945001ADB28 /* WZKeFuViewController.m */ = {isa = PBXFileReference; fileEncoding = 4; lastKnownFileType = sourcecode.c.objc; path = WZKeFuViewController.m; sourceTree = "<group>"; };
		4C247CEE1D260945001ADB28 /* WZKeFuViewController.xib */ = {isa = PBXFileReference; fileEncoding = 4; lastKnownFileType = file.xib; path = WZKeFuViewController.xib; sourceTree = "<group>"; };
		4C32D6171D220E7E0034D459 /* WZZBarViewController.h */ = {isa = PBXFileReference; fileEncoding = 4; lastKnownFileType = sourcecode.c.h; path = WZZBarViewController.h; sourceTree = "<group>"; };
		4C32D6181D220E7E0034D459 /* WZZBarViewController.m */ = {isa = PBXFileReference; fileEncoding = 4; lastKnownFileType = sourcecode.c.objc; path = WZZBarViewController.m; sourceTree = "<group>"; };
		4C32D6191D220E7E0034D459 /* WZZBarViewController.xib */ = {isa = PBXFileReference; fileEncoding = 4; lastKnownFileType = file.xib; path = WZZBarViewController.xib; sourceTree = "<group>"; };
		4C32D61C1D220EE20034D459 /* CoreImage.framework */ = {isa = PBXFileReference; lastKnownFileType = wrapper.framework; name = CoreImage.framework; path = System/Library/Frameworks/CoreImage.framework; sourceTree = SDKROOT; };
		4C32D61E1D2217300034D459 /* WZZbarScanController.h */ = {isa = PBXFileReference; fileEncoding = 4; lastKnownFileType = sourcecode.c.h; path = WZZbarScanController.h; sourceTree = "<group>"; };
		4C32D61F1D2217300034D459 /* WZZbarScanController.m */ = {isa = PBXFileReference; fileEncoding = 4; lastKnownFileType = sourcecode.c.objc; path = WZZbarScanController.m; sourceTree = "<group>"; };
		4C32D6201D2217300034D459 /* WZZbarScanController.xib */ = {isa = PBXFileReference; fileEncoding = 4; lastKnownFileType = file.xib; path = WZZbarScanController.xib; sourceTree = "<group>"; };
		4C32D6231D2228990034D459 /* xiangkuang.png */ = {isa = PBXFileReference; lastKnownFileType = image.png; path = xiangkuang.png; sourceTree = "<group>"; };
		4C32D6251D2267870034D459 /* WZVoiceViewController.h */ = {isa = PBXFileReference; fileEncoding = 4; lastKnownFileType = sourcecode.c.h; path = WZVoiceViewController.h; sourceTree = "<group>"; };
		4C32D6261D2267870034D459 /* WZVoiceViewController.m */ = {isa = PBXFileReference; fileEncoding = 4; lastKnownFileType = sourcecode.c.objc; path = WZVoiceViewController.m; sourceTree = "<group>"; };
		4C32D6271D2267870034D459 /* WZVoiceViewController.xib */ = {isa = PBXFileReference; fileEncoding = 4; lastKnownFileType = file.xib; path = WZVoiceViewController.xib; sourceTree = "<group>"; };
		4C334C7E1D20BBF500E67A36 /* chexiaozhen.app */ = {isa = PBXFileReference; explicitFileType = wrapper.application; includeInIndex = 0; path = chexiaozhen.app; sourceTree = BUILT_PRODUCTS_DIR; };
		4C334C821D20BBF500E67A36 /* main.m */ = {isa = PBXFileReference; lastKnownFileType = sourcecode.c.objc; path = main.m; sourceTree = "<group>"; };
		4C334C8B1D20BBF500E67A36 /* Base */ = {isa = PBXFileReference; lastKnownFileType = file.storyboard; name = Base; path = Base.lproj/Main.storyboard; sourceTree = "<group>"; };
		4C334C8D1D20BBF500E67A36 /* Assets.xcassets */ = {isa = PBXFileReference; lastKnownFileType = folder.assetcatalog; path = Assets.xcassets; sourceTree = "<group>"; };
		4C334C901D20BBF500E67A36 /* Base */ = {isa = PBXFileReference; lastKnownFileType = file.storyboard; name = Base; path = Base.lproj/LaunchScreen.storyboard; sourceTree = "<group>"; };
		4C334C921D20BBF500E67A36 /* Info.plist */ = {isa = PBXFileReference; lastKnownFileType = text.plist.xml; path = Info.plist; sourceTree = "<group>"; };
		4C334C981D20BC3F00E67A36 /* AVFoundation.framework */ = {isa = PBXFileReference; lastKnownFileType = wrapper.framework; name = AVFoundation.framework; path = System/Library/Frameworks/AVFoundation.framework; sourceTree = SDKROOT; };
		4C3B075D1D24C2A9001BB2DE /* amrFileCodec.h */ = {isa = PBXFileReference; fileEncoding = 4; lastKnownFileType = sourcecode.c.h; path = amrFileCodec.h; sourceTree = "<group>"; };
		4C3B075E1D24C2A9001BB2DE /* amrFileCodec.m */ = {isa = PBXFileReference; fileEncoding = 4; lastKnownFileType = sourcecode.c.objc; path = amrFileCodec.m; sourceTree = "<group>"; };
		4C3B07611D24C2A9001BB2DE /* interf_dec.h */ = {isa = PBXFileReference; fileEncoding = 4; lastKnownFileType = sourcecode.c.h; path = interf_dec.h; sourceTree = "<group>"; };
		4C3B07621D24C2A9001BB2DE /* interf_enc.h */ = {isa = PBXFileReference; fileEncoding = 4; lastKnownFileType = sourcecode.c.h; path = interf_enc.h; sourceTree = "<group>"; };
		4C3B07641D24C2A9001BB2DE /* dec_if.h */ = {isa = PBXFileReference; fileEncoding = 4; lastKnownFileType = sourcecode.c.h; path = dec_if.h; sourceTree = "<group>"; };
		4C3B07651D24C2A9001BB2DE /* if_rom.h */ = {isa = PBXFileReference; fileEncoding = 4; lastKnownFileType = sourcecode.c.h; path = if_rom.h; sourceTree = "<group>"; };
		4C3B07671D24C2A9001BB2DE /* libopencore-amrnb.a */ = {isa = PBXFileReference; lastKnownFileType = archive.ar; path = "libopencore-amrnb.a"; sourceTree = "<group>"; };
		4C3B07681D24C2A9001BB2DE /* libopencore-amrwb.a */ = {isa = PBXFileReference; lastKnownFileType = archive.ar; path = "libopencore-amrwb.a"; sourceTree = "<group>"; };
		4C3B07691D24C2A9001BB2DE /* RecordVoice.h */ = {isa = PBXFileReference; fileEncoding = 4; lastKnownFileType = sourcecode.c.h; path = RecordVoice.h; sourceTree = "<group>"; };
		4C3B076A1D24C2A9001BB2DE /* RecordVoice.m */ = {isa = PBXFileReference; fileEncoding = 4; lastKnownFileType = sourcecode.c.objc; path = RecordVoice.m; sourceTree = "<group>"; };
		4C3B076F1D24C484001BB2DE /* RecordManager.h */ = {isa = PBXFileReference; fileEncoding = 4; lastKnownFileType = sourcecode.c.h; path = RecordManager.h; sourceTree = "<group>"; };
		4C3B07701D24C484001BB2DE /* RecordManager.m */ = {isa = PBXFileReference; fileEncoding = 4; lastKnownFileType = sourcecode.c.objc; path = RecordManager.m; sourceTree = "<group>"; };
		4C3B07721D24C7C9001BB2DE /* WZVoice2ViewController.h */ = {isa = PBXFileReference; fileEncoding = 4; lastKnownFileType = sourcecode.c.h; path = WZVoice2ViewController.h; sourceTree = "<group>"; };
		4C3B07731D24C7C9001BB2DE /* WZVoice2ViewController.m */ = {isa = PBXFileReference; fileEncoding = 4; lastKnownFileType = sourcecode.c.objc; path = WZVoice2ViewController.m; sourceTree = "<group>"; };
		4C3B07741D24C7C9001BB2DE /* WZVoice2ViewController.xib */ = {isa = PBXFileReference; fileEncoding = 4; lastKnownFileType = file.xib; path = WZVoice2ViewController.xib; sourceTree = "<group>"; };
		4CE936211D29FC8800FFE160 /* WZCityLocationController.h */ = {isa = PBXFileReference; fileEncoding = 4; lastKnownFileType = sourcecode.c.h; path = WZCityLocationController.h; sourceTree = "<group>"; };
		4CE936221D29FC8800FFE160 /* WZCityLocationController.m */ = {isa = PBXFileReference; fileEncoding = 4; lastKnownFileType = sourcecode.c.objc; path = WZCityLocationController.m; sourceTree = "<group>"; };
		4CE936231D29FC8800FFE160 /* WZCityLocationController.xib */ = {isa = PBXFileReference; fileEncoding = 4; lastKnownFileType = file.xib; path = WZCityLocationController.xib; sourceTree = "<group>"; };
		4CE936261D2A2FF300FFE160 /* cityGroups.plist */ = {isa = PBXFileReference; fileEncoding = 4; lastKnownFileType = text.plist.xml; path = cityGroups.plist; sourceTree = "<group>"; };
		4CF0CEB31D24F56200100DE5 /* 音频.amr */ = {isa = PBXFileReference; lastKnownFileType = file; path = "音频.amr"; sourceTree = "<group>"; };
		4CF0CEB41D25022A00100DE5 /* 薛之谦-丑八怪.mp3 */ = {isa = PBXFileReference; lastKnownFileType = audio.mp3; path = "薛之谦-丑八怪.mp3"; sourceTree = "<group>"; };
		4CF0CEB71D250CEB00100DE5 /* AppKeFuLib.h */ = {isa = PBXFileReference; fileEncoding = 4; lastKnownFileType = sourcecode.c.h; path = AppKeFuLib.h; sourceTree = "<group>"; };
		4CF0CEB81D250CEB00100DE5 /* AppKeFuResources.bundle */ = {isa = PBXFileReference; lastKnownFileType = "wrapper.plug-in"; path = AppKeFuResources.bundle; sourceTree = "<group>"; };
		4CF0CEB91D250CEB00100DE5 /* libAppKeFuLib.a */ = {isa = PBXFileReference; lastKnownFileType = archive.ar; path = libAppKeFuLib.a; sourceTree = "<group>"; };
		4CF0CEBA1D250CEB00100DE5 /* README.md */ = {isa = PBXFileReference; fileEncoding = 4; lastKnownFileType = net.daringfireball.markdown; path = README.md; sourceTree = "<group>"; };
		4CF0CEBE1D250D1E00100DE5 /* libxml2.tbd */ = {isa = PBXFileReference; lastKnownFileType = "sourcecode.text-based-dylib-definition"; name = libxml2.tbd; path = usr/lib/libxml2.tbd; sourceTree = SDKROOT; };
		4CF0CEC01D250D2A00100DE5 /* libresolv.tbd */ = {isa = PBXFileReference; lastKnownFileType = "sourcecode.text-based-dylib-definition"; name = libresolv.tbd; path = usr/lib/libresolv.tbd; sourceTree = SDKROOT; };
		4CF0CEC21D250D3700100DE5 /* SystemConfiguration.framework */ = {isa = PBXFileReference; lastKnownFileType = wrapper.framework; name = SystemConfiguration.framework; path = System/Library/Frameworks/SystemConfiguration.framework; sourceTree = SDKROOT; };
		4CF0CEC41D250D4500100DE5 /* CoreLocation.framework */ = {isa = PBXFileReference; lastKnownFileType = wrapper.framework; name = CoreLocation.framework; path = System/Library/Frameworks/CoreLocation.framework; sourceTree = SDKROOT; };
		4CF0CEC61D250D4E00100DE5 /* CoreData.framework */ = {isa = PBXFileReference; lastKnownFileType = wrapper.framework; name = CoreData.framework; path = System/Library/Frameworks/CoreData.framework; sourceTree = SDKROOT; };
		4CF0CEC81D250D5B00100DE5 /* AudioToolbox.framework */ = {isa = PBXFileReference; lastKnownFileType = wrapper.framework; name = AudioToolbox.framework; path = System/Library/Frameworks/AudioToolbox.framework; sourceTree = SDKROOT; };
		4CF0CECA1D250D6700100DE5 /* libiconv.tbd */ = {isa = PBXFileReference; lastKnownFileType = "sourcecode.text-based-dylib-definition"; name = libiconv.tbd; path = usr/lib/libiconv.tbd; sourceTree = SDKROOT; };
/* End PBXFileReference section */

/* Begin PBXFrameworksBuildPhase section */
		4C334C7B1D20BBF500E67A36 /* Frameworks */ = {
			isa = PBXFrameworksBuildPhase;
			buildActionMask = 2147483647;
			files = (
				4CF0CEC51D250D4500100DE5 /* CoreLocation.framework in Frameworks */,
				4CF0CECB1D250D6700100DE5 /* libiconv.tbd in Frameworks */,
				4CF0CEC91D250D5B00100DE5 /* AudioToolbox.framework in Frameworks */,
				4CF0CEC71D250D4E00100DE5 /* CoreData.framework in Frameworks */,
				4CF0CEC31D250D3700100DE5 /* SystemConfiguration.framework in Frameworks */,
				4CF0CEC11D250D2A00100DE5 /* libresolv.tbd in Frameworks */,
				4CF0CEBF1D250D1E00100DE5 /* libxml2.tbd in Frameworks */,
				4C32D61D1D220EE20034D459 /* CoreImage.framework in Frameworks */,
				4C3B076C1D24C2A9001BB2DE /* libopencore-amrnb.a in Frameworks */,
				4CF0CEBC1D250CEB00100DE5 /* libAppKeFuLib.a in Frameworks */,
				4C3B076D1D24C2A9001BB2DE /* libopencore-amrwb.a in Frameworks */,
				4C334C991D20BC3F00E67A36 /* AVFoundation.framework in Frameworks */,
			);
			runOnlyForDeploymentPostprocessing = 0;
		};
/* End PBXFrameworksBuildPhase section */

/* Begin PBXGroup section */
		4C0D503E1D2107E5006CA2DA /* Class */ = {
			isa = PBXGroup;
			children = (
				4C0D503F1D2107E5006CA2DA /* Controller */,
				4C0D50451D2107E5006CA2DA /* Other */,
				4CF0CEB61D250CEB00100DE5 /* AppKeFuLib */,
				4C0D50481D2107E5006CA2DA /* View */,
			);
			path = Class;
			sourceTree = "<group>";
		};
		4C0D503F1D2107E5006CA2DA /* Controller */ = {
			isa = PBXGroup;
			children = (
				4C0D50401D2107E5006CA2DA /* ViewController.h */,
				4C0D50411D2107E5006CA2DA /* ViewController.m */,
				4C0D50421D2107E5006CA2DA /* WZCustomLeftSliderController.h */,
				4C0D50431D2107E5006CA2DA /* WZCustomLeftSliderController.m */,
				4C0D50441D2107E5006CA2DA /* WZCustomLeftSliderController.xib */,
				4C0D50521D210827006CA2DA /* WZTextViewController.h */,
				4C0D50531D210827006CA2DA /* WZTextViewController.m */,
				4C0D50581D2108BD006CA2DA /* WZTextViewController.xib */,
				4C0D505A1D2118BB006CA2DA /* WZEditorViewController.h */,
				4C0D505B1D2118BB006CA2DA /* WZEditorViewController.m */,
				4C0D505C1D2118BB006CA2DA /* WZEditorViewController.xib */,
				4C32D6171D220E7E0034D459 /* WZZBarViewController.h */,
				4C32D6181D220E7E0034D459 /* WZZBarViewController.m */,
				4C32D6191D220E7E0034D459 /* WZZBarViewController.xib */,
				4C32D61E1D2217300034D459 /* WZZbarScanController.h */,
				4C32D61F1D2217300034D459 /* WZZbarScanController.m */,
				4C32D6201D2217300034D459 /* WZZbarScanController.xib */,
				4C32D6251D2267870034D459 /* WZVoiceViewController.h */,
				4C32D6261D2267870034D459 /* WZVoiceViewController.m */,
				4C32D6271D2267870034D459 /* WZVoiceViewController.xib */,
				4C3B07721D24C7C9001BB2DE /* WZVoice2ViewController.h */,
				4C3B07731D24C7C9001BB2DE /* WZVoice2ViewController.m */,
				4C3B07741D24C7C9001BB2DE /* WZVoice2ViewController.xib */,
				4C1D70D11D23A3FF000EB430 /* WZVideoController.h */,
				4C1D70D21D23A3FF000EB430 /* WZVideoController.m */,
				4C1D70D31D23A3FF000EB430 /* WZVideoController.xib */,
				4C247CEC1D260945001ADB28 /* WZKeFuViewController.h */,
				4C247CED1D260945001ADB28 /* WZKeFuViewController.m */,
				4C247CEE1D260945001ADB28 /* WZKeFuViewController.xib */,
				4CE936211D29FC8800FFE160 /* WZCityLocationController.h */,
				4CE936221D29FC8800FFE160 /* WZCityLocationController.m */,
				4CE936231D29FC8800FFE160 /* WZCityLocationController.xib */,
			);
			path = Controller;
			sourceTree = "<group>";
		};
		4C0D50451D2107E5006CA2DA /* Other */ = {
			isa = PBXGroup;
			children = (
				4CE936261D2A2FF300FFE160 /* cityGroups.plist */,
				4C3B076F1D24C484001BB2DE /* RecordManager.h */,
				4C3B07701D24C484001BB2DE /* RecordManager.m */,
				4C3B075C1D24C2A9001BB2DE /* arm */,
				4C32D6231D2228990034D459 /* xiangkuang.png */,
				4C0D50461D2107E5006CA2DA /* AppDelegate.h */,
				4C0D50471D2107E5006CA2DA /* AppDelegate.m */,
			);
			path = Other;
			sourceTree = "<group>";
		};
		4C0D50481D2107E5006CA2DA /* View */ = {
			isa = PBXGroup;
			children = (
				4C0D50491D2107E5006CA2DA /* WZCustomLeftSliderCell.h */,
				4C0D504A1D2107E5006CA2DA /* WZCustomLeftSliderCell.m */,
				4C0D504B1D2107E5006CA2DA /* WZCustomLeftSliderCell.xib */,
				4C0D505F1D21191C006CA2DA /* WZTextViewCell.h */,
				4C0D50601D21191C006CA2DA /* WZTextViewCell.m */,
				4C0D50611D21191C006CA2DA /* WZTextViewCell.xib */,
				4C0D50551D210848006CA2DA /* WZTextView.h */,
				4C0D50561D210848006CA2DA /* WZTextView.m */,
			);
			path = View;
			sourceTree = "<group>";
		};
		4C334C751D20BBF500E67A36 = {
			isa = PBXGroup;
			children = (
				4CF0CECA1D250D6700100DE5 /* libiconv.tbd */,
				4CF0CEC81D250D5B00100DE5 /* AudioToolbox.framework */,
				4CF0CEC61D250D4E00100DE5 /* CoreData.framework */,
				4CF0CEC41D250D4500100DE5 /* CoreLocation.framework */,
				4CF0CEC21D250D3700100DE5 /* SystemConfiguration.framework */,
				4CF0CEC01D250D2A00100DE5 /* libresolv.tbd */,
				4CF0CEBE1D250D1E00100DE5 /* libxml2.tbd */,
				4C32D61C1D220EE20034D459 /* CoreImage.framework */,
				4C334C981D20BC3F00E67A36 /* AVFoundation.framework */,
				4C334C801D20BBF500E67A36 /* chexiaozhen */,
				4C334C7F1D20BBF500E67A36 /* Products */,
			);
			sourceTree = "<group>";
		};
		4C334C7F1D20BBF500E67A36 /* Products */ = {
			isa = PBXGroup;
			children = (
				4C334C7E1D20BBF500E67A36 /* chexiaozhen.app */,
			);
			name = Products;
			sourceTree = "<group>";
		};
		4C334C801D20BBF500E67A36 /* chexiaozhen */ = {
			isa = PBXGroup;
			children = (
				4C0D503E1D2107E5006CA2DA /* Class */,
				4C334C8A1D20BBF500E67A36 /* Main.storyboard */,
				4C334C8D1D20BBF500E67A36 /* Assets.xcassets */,
				4C334C8F1D20BBF500E67A36 /* LaunchScreen.storyboard */,
				4C334C921D20BBF500E67A36 /* Info.plist */,
				4CF0CEB41D25022A00100DE5 /* 薛之谦-丑八怪.mp3 */,
				4CF0CEB31D24F56200100DE5 /* 音频.amr */,
				4C334C811D20BBF500E67A36 /* Supporting Files */,
			);
			path = chexiaozhen;
			sourceTree = "<group>";
		};
		4C334C811D20BBF500E67A36 /* Supporting Files */ = {
			isa = PBXGroup;
			children = (
				4C334C821D20BBF500E67A36 /* main.m */,
			);
			name = "Supporting Files";
			sourceTree = "<group>";
		};
		4C3B075C1D24C2A9001BB2DE /* arm */ = {
			isa = PBXGroup;
			children = (
				4C3B075D1D24C2A9001BB2DE /* amrFileCodec.h */,
				4C3B075E1D24C2A9001BB2DE /* amrFileCodec.m */,
				4C3B075F1D24C2A9001BB2DE /* include */,
				4C3B07661D24C2A9001BB2DE /* lib */,
				4C3B07691D24C2A9001BB2DE /* RecordVoice.h */,
				4C3B076A1D24C2A9001BB2DE /* RecordVoice.m */,
			);
			path = arm;
			sourceTree = "<group>";
		};
		4C3B075F1D24C2A9001BB2DE /* include */ = {
			isa = PBXGroup;
			children = (
				4C3B07601D24C2A9001BB2DE /* opencore-amrnb */,
				4C3B07631D24C2A9001BB2DE /* opencore-amrwb */,
			);
			path = include;
			sourceTree = "<group>";
		};
		4C3B07601D24C2A9001BB2DE /* opencore-amrnb */ = {
			isa = PBXGroup;
			children = (
				4C3B07611D24C2A9001BB2DE /* interf_dec.h */,
				4C3B07621D24C2A9001BB2DE /* interf_enc.h */,
			);
			path = "opencore-amrnb";
			sourceTree = "<group>";
		};
		4C3B07631D24C2A9001BB2DE /* opencore-amrwb */ = {
			isa = PBXGroup;
			children = (
				4C3B07641D24C2A9001BB2DE /* dec_if.h */,
				4C3B07651D24C2A9001BB2DE /* if_rom.h */,
			);
			path = "opencore-amrwb";
			sourceTree = "<group>";
		};
		4C3B07661D24C2A9001BB2DE /* lib */ = {
			isa = PBXGroup;
			children = (
				4C3B07671D24C2A9001BB2DE /* libopencore-amrnb.a */,
				4C3B07681D24C2A9001BB2DE /* libopencore-amrwb.a */,
			);
			path = lib;
			sourceTree = "<group>";
		};
		4CF0CEB61D250CEB00100DE5 /* AppKeFuLib */ = {
			isa = PBXGroup;
			children = (
				4CF0CEB71D250CEB00100DE5 /* AppKeFuLib.h */,
				4CF0CEB81D250CEB00100DE5 /* AppKeFuResources.bundle */,
				4CF0CEB91D250CEB00100DE5 /* libAppKeFuLib.a */,
				4CF0CEBA1D250CEB00100DE5 /* README.md */,
			);
			path = AppKeFuLib;
			sourceTree = "<group>";
		};
/* End PBXGroup section */

/* Begin PBXNativeTarget section */
		4C334C7D1D20BBF500E67A36 /* chexiaozhen */ = {
			isa = PBXNativeTarget;
			buildConfigurationList = 4C334C951D20BBF500E67A36 /* Build configuration list for PBXNativeTarget "chexiaozhen" */;
			buildPhases = (
				4C334C7A1D20BBF500E67A36 /* Sources */,
				4C334C7B1D20BBF500E67A36 /* Frameworks */,
				4C334C7C1D20BBF500E67A36 /* Resources */,
			);
			buildRules = (
			);
			dependencies = (
			);
			name = chexiaozhen;
			productName = chexiaozhen;
			productReference = 4C334C7E1D20BBF500E67A36 /* chexiaozhen.app */;
			productType = "com.apple.product-type.application";
		};
/* End PBXNativeTarget section */

/* Begin PBXProject section */
		4C334C761D20BBF500E67A36 /* Project object */ = {
			isa = PBXProject;
			attributes = {
				CLASSPREFIX = WZ;
				LastUpgradeCheck = 0730;
				ORGANIZATIONNAME = songbiwen;
				TargetAttributes = {
					4C334C7D1D20BBF500E67A36 = {
						CreatedOnToolsVersion = 7.3;
					};
				};
			};
			buildConfigurationList = 4C334C791D20BBF500E67A36 /* Build configuration list for PBXProject "chexiaozhen" */;
			compatibilityVersion = "Xcode 3.2";
			developmentRegion = English;
			hasScannedForEncodings = 0;
			knownRegions = (
				en,
				Base,
			);
			mainGroup = 4C334C751D20BBF500E67A36;
			productRefGroup = 4C334C7F1D20BBF500E67A36 /* Products */;
			projectDirPath = "";
			projectRoot = "";
			targets = (
				4C334C7D1D20BBF500E67A36 /* chexiaozhen */,
			);
		};
/* End PBXProject section */

/* Begin PBXResourcesBuildPhase section */
		4C334C7C1D20BBF500E67A36 /* Resources */ = {
			isa = PBXResourcesBuildPhase;
			buildActionMask = 2147483647;
			files = (
				4C32D6221D2217300034D459 /* WZZbarScanController.xib in Resources */,
				4C0D50591D2108BD006CA2DA /* WZTextViewController.xib in Resources */,
				4CE936251D29FC8800FFE160 /* WZCityLocationController.xib in Resources */,
				4CF0CEB51D25022A00100DE5 /* 薛之谦-丑八怪.mp3 in Resources */,
				4C247CF01D260945001ADB28 /* WZKeFuViewController.xib in Resources */,
				4CE936271D2A2FF300FFE160 /* cityGroups.plist in Resources */,
				4C334C911D20BBF500E67A36 /* LaunchScreen.storyboard in Resources */,
				4C32D61B1D220E7E0034D459 /* WZZBarViewController.xib in Resources */,
				4C334C8E1D20BBF500E67A36 /* Assets.xcassets in Resources */,
				4CF0CEBB1D250CEB00100DE5 /* AppKeFuResources.bundle in Resources */,
				4C334C8C1D20BBF500E67A36 /* Main.storyboard in Resources */,
				4C0D50631D21191C006CA2DA /* WZTextViewCell.xib in Resources */,
				4C1D70D51D23A3FF000EB430 /* WZVideoController.xib in Resources */,
				4C0D505E1D2118BB006CA2DA /* WZEditorViewController.xib in Resources */,
				4C32D6291D2267870034D459 /* WZVoiceViewController.xib in Resources */,
				4C32D6241D2228990034D459 /* xiangkuang.png in Resources */,
				4C0D50511D2107E5006CA2DA /* WZCustomLeftSliderCell.xib in Resources */,
				4C0D504E1D2107E5006CA2DA /* WZCustomLeftSliderController.xib in Resources */,
				4C3B07761D24C7C9001BB2DE /* WZVoice2ViewController.xib in Resources */,
			);
			runOnlyForDeploymentPostprocessing = 0;
		};
/* End PBXResourcesBuildPhase section */

/* Begin PBXSourcesBuildPhase section */
		4C334C7A1D20BBF500E67A36 /* Sources */ = {
			isa = PBXSourcesBuildPhase;
			buildActionMask = 2147483647;
			files = (
				4C0D50541D210827006CA2DA /* WZTextViewController.m in Sources */,
				4C32D6211D2217300034D459 /* WZZbarScanController.m in Sources */,
				4C0D504C1D2107E5006CA2DA /* ViewController.m in Sources */,
				4C3B076E1D24C2A9001BB2DE /* RecordVoice.m in Sources */,
				4C3B07711D24C484001BB2DE /* RecordManager.m in Sources */,
				4C1D70D41D23A3FF000EB430 /* WZVideoController.m in Sources */,
				4CF0CEBD1D250CEB00100DE5 /* README.md in Sources */,
				4C0D505D1D2118BB006CA2DA /* WZEditorViewController.m in Sources */,
				4CE936241D29FC8800FFE160 /* WZCityLocationController.m in Sources */,
				4C32D6281D2267870034D459 /* WZVoiceViewController.m in Sources */,
				4C0D50501D2107E5006CA2DA /* WZCustomLeftSliderCell.m in Sources */,
				4C3B07751D24C7C9001BB2DE /* WZVoice2ViewController.m in Sources */,
				4C0D504F1D2107E5006CA2DA /* AppDelegate.m in Sources */,
				4C247CEF1D260945001ADB28 /* WZKeFuViewController.m in Sources */,
				4C0D504D1D2107E5006CA2DA /* WZCustomLeftSliderController.m in Sources */,
				4C3B076B1D24C2A9001BB2DE /* amrFileCodec.m in Sources */,
				4C32D61A1D220E7E0034D459 /* WZZBarViewController.m in Sources */,
				4C334C831D20BBF500E67A36 /* main.m in Sources */,
				4C0D50621D21191C006CA2DA /* WZTextViewCell.m in Sources */,
				4C0D50571D210848006CA2DA /* WZTextView.m in Sources */,
			);
			runOnlyForDeploymentPostprocessing = 0;
		};
/* End PBXSourcesBuildPhase section */

/* Begin PBXVariantGroup section */
		4C334C8A1D20BBF500E67A36 /* Main.storyboard */ = {
			isa = PBXVariantGroup;
			children = (
				4C334C8B1D20BBF500E67A36 /* Base */,
			);
			name = Main.storyboard;
			sourceTree = "<group>";
		};
		4C334C8F1D20BBF500E67A36 /* LaunchScreen.storyboard */ = {
			isa = PBXVariantGroup;
			children = (
				4C334C901D20BBF500E67A36 /* Base */,
			);
			name = LaunchScreen.storyboard;
			sourceTree = "<group>";
		};
/* End PBXVariantGroup section */

/* Begin XCBuildConfiguration section */
		4C334C931D20BBF500E67A36 /* Debug */ = {
			isa = XCBuildConfiguration;
			buildSettings = {
				ALWAYS_SEARCH_USER_PATHS = NO;
				CLANG_ANALYZER_NONNULL = YES;
				CLANG_CXX_LANGUAGE_STANDARD = "gnu++0x";
				CLANG_CXX_LIBRARY = "libc++";
				CLANG_ENABLE_MODULES = YES;
				CLANG_ENABLE_OBJC_ARC = YES;
				CLANG_WARN_BOOL_CONVERSION = YES;
				CLANG_WARN_CONSTANT_CONVERSION = YES;
				CLANG_WARN_DIRECT_OBJC_ISA_USAGE = YES_ERROR;
				CLANG_WARN_EMPTY_BODY = YES;
				CLANG_WARN_ENUM_CONVERSION = YES;
				CLANG_WARN_INT_CONVERSION = YES;
				CLANG_WARN_OBJC_ROOT_CLASS = YES_ERROR;
				CLANG_WARN_UNREACHABLE_CODE = YES;
				CLANG_WARN__DUPLICATE_METHOD_MATCH = YES;
				"CODE_SIGN_IDENTITY[sdk=iphoneos*]" = "iPhone Developer";
				COPY_PHASE_STRIP = NO;
				DEBUG_INFORMATION_FORMAT = dwarf;
				ENABLE_STRICT_OBJC_MSGSEND = YES;
				ENABLE_TESTABILITY = YES;
				GCC_C_LANGUAGE_STANDARD = gnu99;
				GCC_DYNAMIC_NO_PIC = NO;
				GCC_NO_COMMON_BLOCKS = YES;
				GCC_OPTIMIZATION_LEVEL = 0;
				GCC_PREPROCESSOR_DEFINITIONS = (
					"DEBUG=1",
					"$(inherited)",
				);
				GCC_WARN_64_TO_32_BIT_CONVERSION = YES;
				GCC_WARN_ABOUT_RETURN_TYPE = YES_ERROR;
				GCC_WARN_UNDECLARED_SELECTOR = YES;
				GCC_WARN_UNINITIALIZED_AUTOS = YES_AGGRESSIVE;
				GCC_WARN_UNUSED_FUNCTION = YES;
				GCC_WARN_UNUSED_VARIABLE = YES;
				IPHONEOS_DEPLOYMENT_TARGET = 9.3;
				MTL_ENABLE_DEBUG_INFO = YES;
				ONLY_ACTIVE_ARCH = YES;
				SDKROOT = iphoneos;
			};
			name = Debug;
		};
		4C334C941D20BBF500E67A36 /* Release */ = {
			isa = XCBuildConfiguration;
			buildSettings = {
				ALWAYS_SEARCH_USER_PATHS = NO;
				CLANG_ANALYZER_NONNULL = YES;
				CLANG_CXX_LANGUAGE_STANDARD = "gnu++0x";
				CLANG_CXX_LIBRARY = "libc++";
				CLANG_ENABLE_MODULES = YES;
				CLANG_ENABLE_OBJC_ARC = YES;
				CLANG_WARN_BOOL_CONVERSION = YES;
				CLANG_WARN_CONSTANT_CONVERSION = YES;
				CLANG_WARN_DIRECT_OBJC_ISA_USAGE = YES_ERROR;
				CLANG_WARN_EMPTY_BODY = YES;
				CLANG_WARN_ENUM_CONVERSION = YES;
				CLANG_WARN_INT_CONVERSION = YES;
				CLANG_WARN_OBJC_ROOT_CLASS = YES_ERROR;
				CLANG_WARN_UNREACHABLE_CODE = YES;
				CLANG_WARN__DUPLICATE_METHOD_MATCH = YES;
				"CODE_SIGN_IDENTITY[sdk=iphoneos*]" = "iPhone Developer";
				COPY_PHASE_STRIP = NO;
				DEBUG_INFORMATION_FORMAT = "dwarf-with-dsym";
				ENABLE_NS_ASSERTIONS = NO;
				ENABLE_STRICT_OBJC_MSGSEND = YES;
				GCC_C_LANGUAGE_STANDARD = gnu99;
				GCC_NO_COMMON_BLOCKS = YES;
				GCC_WARN_64_TO_32_BIT_CONVERSION = YES;
				GCC_WARN_ABOUT_RETURN_TYPE = YES_ERROR;
				GCC_WARN_UNDECLARED_SELECTOR = YES;
				GCC_WARN_UNINITIALIZED_AUTOS = YES_AGGRESSIVE;
				GCC_WARN_UNUSED_FUNCTION = YES;
				GCC_WARN_UNUSED_VARIABLE = YES;
				IPHONEOS_DEPLOYMENT_TARGET = 9.3;
				MTL_ENABLE_DEBUG_INFO = NO;
				SDKROOT = iphoneos;
				VALIDATE_PRODUCT = YES;
			};
			name = Release;
		};
		4C334C961D20BBF500E67A36 /* Debug */ = {
			isa = XCBuildConfiguration;
			buildSettings = {
				ASSETCATALOG_COMPILER_APPICON_NAME = AppIcon;
				ENABLE_BITCODE = NO;
				INFOPLIST_FILE = chexiaozhen/Info.plist;
				LD_RUNPATH_SEARCH_PATHS = "$(inherited)";
				LIBRARY_SEARCH_PATHS = (
					"$(inherited)",
					"$(PROJECT_DIR)/chexiaozhen/Class/Other/arm/lib",
					"$(PROJECT_DIR)/chexiaozhen/Class/AppKeFuLib",
				);
				OTHER_LDFLAGS = (
					"$(inherited)",
					"-ObjC",
					"$(SRCROOT)/chexiaozhen/Class/AppKeFuLib/libAppKeFuLib.a",
				);
				PRODUCT_BUNDLE_IDENTIFIER = com.renhedao.chexiaozhen;
				PRODUCT_NAME = "$(TARGET_NAME)";
			};
			name = Debug;
		};
		4C334C971D20BBF500E67A36 /* Release */ = {
			isa = XCBuildConfiguration;
			buildSettings = {
				ASSETCATALOG_COMPILER_APPICON_NAME = AppIcon;
				ENABLE_BITCODE = NO;
				INFOPLIST_FILE = chexiaozhen/Info.plist;
				LD_RUNPATH_SEARCH_PATHS = "$(inherited)";
				LIBRARY_SEARCH_PATHS = (
					"$(inherited)",
					"$(PROJECT_DIR)/chexiaozhen/Class/Other/arm/lib",
					"$(PROJECT_DIR)/chexiaozhen/Class/AppKeFuLib",
				);
				OTHER_LDFLAGS = (
					"$(inherited)",
					"-ObjC",
					"$(SRCROOT)/chexiaozhen/Class/AppKeFuLib/libAppKeFuLib.a",
				);
				PRODUCT_BUNDLE_IDENTIFIER = com.renhedao.chexiaozhen;
				PRODUCT_NAME = "$(TARGET_NAME)";
			};
			name = Release;
		};
/* End XCBuildConfiguration section */

/* Begin XCConfigurationList section */
		4C334C791D20BBF500E67A36 /* Build configuration list for PBXProject "chexiaozhen" */ = {
			isa = XCConfigurationList;
			buildConfigurations = (
				4C334C931D20BBF500E67A36 /* Debug */,
				4C334C941D20BBF500E67A36 /* Release */,
			);
			defaultConfigurationIsVisible = 0;
			defaultConfigurationName = Release;
		};
		4C334C951D20BBF500E67A36 /* Build configuration list for PBXNativeTarget "chexiaozhen" */ = {
			isa = XCConfigurationList;
			buildConfigurations = (
				4C334C961D20BBF500E67A36 /* Debug */,
				4C334C971D20BBF500E67A36 /* Release */,
			);
			defaultConfigurationIsVisible = 0;
			defaultConfigurationName = Release;
		};
/* End XCConfigurationList section */
	};
	rootObject = 4C334C761D20BBF500E67A36 /* Project object */;
}
